
Microsoft Visual Studio Solution File, Format Version 12.00
# Visual Studio 15
VisualStudioVersion = 15.0.28307.852
MinimumVisualStudioVersion = 10.0.40219.1
Project("{FAE04EC0-301F-11D3-BF4B-00C04F79EFBC}") = "MessageCodePin.Android", "MessageCodePin\MessageCodePin.Android\MessageCodePin.Android.csproj", "{24CE3C36-16B9-426D-AA0C-5961ECF8D88C}"
EndProject
Project("{FAE04EC0-301F-11D3-BF4B-00C04F79EFBC}") = "MessageCodePin.iOS", "MessageCodePin\MessageCodePin.iOS\MessageCodePin.iOS.csproj", "{8BA7377A-D538-4BEA-8497-41C3D4505B27}"
EndProject
Project("{FAE04EC0-301F-11D3-BF4B-00C04F79EFBC}") = "MessageCodePin", "MessageCodePin\MessageCodePin\MessageCodePin.csproj", "{33CA3CE8-6431-4538-B89E-34F18486E559}"
EndProject
Global
	GlobalSection(SolutionConfigurationPlatforms) = preSolution
		Debug|Any CPU = Debug|Any CPU
		Debug|iPhone = Debug|iPhone
		Debug|iPhoneSimulator = Debug|iPhoneSimulator
		Release|Any CPU = Release|Any CPU
		Release|iPhone = Release|iPhone
		Release|iPhoneSimulator = Release|iPhoneSimulator
	EndGlobalSection
	GlobalSection(ProjectConfigurationPlatforms) = postSolution
		{24CE3C36-16B9-426D-AA0C-5961ECF8D88C}.Debug|Any CPU.ActiveCfg = Debug|Any CPU
		{24CE3C36-16B9-426D-AA0C-5961ECF8D88C}.Debug|Any CPU.Build.0 = Debug|Any CPU
		{24CE3C36-16B9-426D-AA0C-5961ECF8D88C}.Debug|Any CPU.Deploy.0 = Debug|Any CPU
		{24CE3C36-16B9-426D-AA0C-5961ECF8D88C}.Debug|iPhone.ActiveCfg = Debug|Any CPU
		{24CE3C36-16B9-426D-AA0C-5961ECF8D88C}.Debug|iPhone.Build.0 = Debug|Any CPU
		{24CE3C36-16B9-426D-AA0C-5961ECF8D88C}.Debug|iPhone.Deploy.0 = Debug|Any CPU
		{24CE3C36-16B9-426D-AA0C-5961ECF8D88C}.Debug|iPhoneSimulator.ActiveCfg = Debug|Any CPU
		{24CE3C36-16B9-426D-AA0C-5961ECF8D88C}.Debug|iPhoneSimulator.Build.0 = Debug|Any CPU
		{24CE3C36-16B9-426D-AA0C-5961ECF8D88C}.Debug|iPhoneSimulator.Deploy.0 = Debug|Any CPU
		{24CE3C36-16B9-426D-AA0C-5961ECF8D88C}.Release|Any CPU.ActiveCfg = Release|Any CPU
		{24CE3C36-16B9-426D-AA0C-5961ECF8D88C}.Release|Any CPU.Build.0 = Release|Any CPU
		{24CE3C36-16B9-426D-AA0C-5961ECF8D88C}.Release|Any CPU.Deploy.0 = Release|Any CPU
		{24CE3C36-16B9-426D-AA0C-5961ECF8D88C}.Release|iPhone.ActiveCfg = Release|Any CPU
		{24CE3C36-16B9-426D-AA0C-5961ECF8D88C}.Release|iPhone.Build.0 = Release|Any CPU
		{24CE3C36-16B9-426D-AA0C-5961ECF8D88C}.Release|iPhone.Deploy.0 = Release|Any CPU
		{24CE3C36-16B9-426D-AA0C-5961ECF8D88C}.Release|iPhoneSimulator.ActiveCfg = Release|Any CPU
		{24CE3C36-16B9-426D-AA0C-5961ECF8D88C}.Release|iPhoneSimulator.Build.0 = Release|Any CPU
		{24CE3C36-16B9-426D-AA0C-5961ECF8D88C}.Release|iPhoneSimulator.Deploy.0 = Release|Any CPU
		{8BA7377A-D538-4BEA-8497-41C3D4505B27}.Debug|Any CPU.ActiveCfg = Debug|iPhoneSimulator
		{8BA7377A-D538-4BEA-8497-41C3D4505B27}.Debug|Any CPU.Build.0 = Debug|iPhoneSimulator
		{8BA7377A-D538-4BEA-8497-41C3D4505B27}.Debug|Any CPU.Deploy.0 = Debug|iPhoneSimulator
		{8BA7377A-D538-4BEA-8497-41C3D4505B27}.Debug|iPhone.ActiveCfg = Debug|iPhone
		{8BA7377A-D538-4BEA-8497-41C3D4505B27}.Debug|iPhone.Build.0 = Debug|iPhone
		{8BA7377A-D538-4BEA-8497-41C3D4505B27}.Debug|iPhone.Deploy.0 = Debug|iPhone
		{8BA7377A-D538-4BEA-8497-41C3D4505B27}.Debug|iPhoneSimulator.ActiveCfg = Debug|iPhoneSimulator
		{8BA7377A-D538-4BEA-8497-41C3D4505B27}.Debug|iPhoneSimulator.Build.0 = Debug|iPhoneSimulator
		{8BA7377A-D538-4BEA-8497-41C3D4505B27}.Debug|iPhoneSimulator.Deploy.0 = Debug|iPhoneSimulator
		{8BA7377A-D538-4BEA-8497-41C3D4505B27}.Release|Any CPU.ActiveCfg = Release|iPhone
		{8BA7377A-D538-4BEA-8497-41C3D4505B27}.Release|Any CPU.Build.0 = Release|iPhone
		{8BA7377A-D538-4BEA-8497-41C3D4505B27}.Release|Any CPU.Deploy.0 = Release|iPhone
		{8BA7377A-D538-4BEA-8497-41C3D4505B27}.Release|iPhone.ActiveCfg = Release|iPhone
		{8BA7377A-D538-4BEA-8497-41C3D4505B27}.Release|iPhone.Build.0 = Release|iPhone
		{8BA7377A-D538-4BEA-8497-41C3D4505B27}.Release|iPhone.Deploy.0 = Release|iPhone
		{8BA7377A-D538-4BEA-8497-41C3D4505B27}.Release|iPhoneSimulator.ActiveCfg = Release|iPhoneSimulator
		{8BA7377A-D538-4BEA-8497-41C3D4505B27}.Release|iPhoneSimulator.Build.0 = Release|iPhoneSimulator
		{8BA7377A-D538-4BEA-8497-41C3D4505B27}.Release|iPhoneSimulator.Deploy.0 = Release|iPhoneSimulator
		{33CA3CE8-6431-4538-B89E-34F18486E559}.Debug|Any CPU.ActiveCfg = Debug|Any CPU
		{33CA3CE8-6431-4538-B89E-34F18486E559}.Debug|Any CPU.Build.0 = Debug|Any CPU
		{33CA3CE8-6431-4538-B89E-34F18486E559}.Debug|Any CPU.Deploy.0 = Debug|Any CPU
		{33CA3CE8-6431-4538-B89E-34F18486E559}.Debug|iPhone.ActiveCfg = Debug|Any CPU
		{33CA3CE8-6431-4538-B89E-34F18486E559}.Debug|iPhone.Build.0 = Debug|Any CPU
		{33CA3CE8-6431-4538-B89E-34F18486E559}.Debug|iPhone.Deploy.0 = Debug|Any CPU
		{33CA3CE8-6431-4538-B89E-34F18486E559}.Debug|iPhoneSimulator.ActiveCfg = Debug|Any CPU
		{33CA3CE8-6431-4538-B89E-34F18486E559}.Debug|iPhoneSimulator.Build.0 = Debug|Any CPU
		{33CA3CE8-6431-4538-B89E-34F18486E559}.Debug|iPhoneSimulator.Deploy.0 = Debug|Any CPU
		{33CA3CE8-6431-4538-B89E-34F18486E559}.Release|Any CPU.ActiveCfg = Release|Any CPU
		{33CA3CE8-6431-4538-B89E-34F18486E559}.Release|Any CPU.Build.0 = Release|Any CPU
		{33CA3CE8-6431-4538-B89E-34F18486E559}.Release|Any CPU.Deploy.0 = Release|Any CPU
		{33CA3CE8-6431-4538-B89E-34F18486E559}.Release|iPhone.ActiveCfg = Release|Any CPU
		{33CA3CE8-6431-4538-B89E-34F18486E559}.Release|iPhone.Build.0 = Release|Any CPU
		{33CA3CE8-6431-4538-B89E-34F18486E559}.Release|iPhone.Deploy.0 = Release|Any CPU
		{33CA3CE8-6431-4538-B89E-34F18486E559}.Release|iPhoneSimulator.ActiveCfg = Release|Any CPU
		{33CA3CE8-6431-4538-B89E-34F18486E559}.Release|iPhoneSimulator.Build.0 = Release|Any CPU
		{33CA3CE8-6431-4538-B89E-34F18486E559}.Release|iPhoneSimulator.Deploy.0 = Release|Any CPU
	EndGlobalSection
	GlobalSection(SolutionProperties) = preSolution
		HideSolutionNode = FALSE
	EndGlobalSection
	GlobalSection(ExtensibilityGlobals) = postSolution
		SolutionGuid = {76ECA01F-BE1C-4FD4-814C-19032091727A}
	EndGlobalSection
EndGlobal
